
Microsoft Visual Studio Solution File, Format Version 12.00
# Visual Studio Version 17
VisualStudioVersion = 17.11.35222.181
MinimumVisualStudioVersion = 10.0.40219.1
Project("{FAE04EC0-301F-11D3-BF4B-00C04F79EFBC}") = "API.FurtnitureStore.API", "API.FurtnitureStore.API\API.FurtnitureStore.API.csproj", "{43C177B4-4447-429D-9445-1B2A5AAD548C}"
EndProject
Project("{FAE04EC0-301F-11D3-BF4B-00C04F79EFBC}") = "API.FurtnitureStore.Shared", "API.FurtnitureStore.Shared\API.FurtnitureStore.Shared.csproj", "{705E2284-AEC3-47E4-A23B-CEC2152B29C3}"
EndProject
Project("{FAE04EC0-301F-11D3-BF4B-00C04F79EFBC}") = "API.FurtnitureStore.Data", "API.FurtnitureStore.Data\API.FurtnitureStore.Data.csproj", "{CF7476F2-60C7-4075-8A6A-7A308402A5A6}"
EndProject
Global
	GlobalSection(SolutionConfigurationPlatforms) = preSolution
		Debug|Any CPU = Debug|Any CPU
		Release|Any CPU = Release|Any CPU
	EndGlobalSection
	GlobalSection(ProjectConfigurationPlatforms) = postSolution
		{43C177B4-4447-429D-9445-1B2A5AAD548C}.Debug|Any CPU.ActiveCfg = Debug|Any CPU
		{43C177B4-4447-429D-9445-1B2A5AAD548C}.Debug|Any CPU.Build.0 = Debug|Any CPU
		{43C177B4-4447-429D-9445-1B2A5AAD548C}.Release|Any CPU.ActiveCfg = Release|Any CPU
		{43C177B4-4447-429D-9445-1B2A5AAD548C}.Release|Any CPU.Build.0 = Release|Any CPU
		{705E2284-AEC3-47E4-A23B-CEC2152B29C3}.Debug|Any CPU.ActiveCfg = Debug|Any CPU
		{705E2284-AEC3-47E4-A23B-CEC2152B29C3}.Debug|Any CPU.Build.0 = Debug|Any CPU
		{705E2284-AEC3-47E4-A23B-CEC2152B29C3}.Release|Any CPU.ActiveCfg = Release|Any CPU
		{705E2284-AEC3-47E4-A23B-CEC2152B29C3}.Release|Any CPU.Build.0 = Release|Any CPU
		{CF7476F2-60C7-4075-8A6A-7A308402A5A6}.Debug|Any CPU.ActiveCfg = Debug|Any CPU
		{CF7476F2-60C7-4075-8A6A-7A308402A5A6}.Debug|Any CPU.Build.0 = Debug|Any CPU
		{CF7476F2-60C7-4075-8A6A-7A308402A5A6}.Release|Any CPU.ActiveCfg = Release|Any CPU
		{CF7476F2-60C7-4075-8A6A-7A308402A5A6}.Release|Any CPU.Build.0 = Release|Any CPU
	EndGlobalSection
	GlobalSection(SolutionProperties) = preSolution
		HideSolutionNode = FALSE
	EndGlobalSection
	GlobalSection(ExtensibilityGlobals) = postSolution
		SolutionGuid = {B817A54C-14A6-4C0C-9567-B313C72B0D54}
	EndGlobalSection
EndGlobal
